{
  "name": "emitter-test",
  "version": "1.0.0",
  "lockfileVersion": 1,
  "requires": true,
  "dependencies": {
    "stream-chain": {
      "version": "2.2.5",
      "resolved": "https://registry.npmjs.org/stream-chain/-/stream-chain-2.2.5.tgz",
      "integrity": "sha512-1TJmBx6aSWqZ4tx7aTpBDXK0/e2hhcNSTV8+CbFJtDjbb+I1mZ8lHit0Grw9GRT+6JbIrrDd8esncgBi8aBXGA=="
    },
    "stream-json": {
      "version": "1.7.4",
      "resolved": "https://registry.npmjs.org/stream-json/-/stream-json-1.7.4.tgz",
      "integrity": "sha512-ja2dde1v7dOlx5/vmavn8kLrxvNfs7r2oNc5DYmNJzayDDdudyCSuTB1gFjH4XBVTIwxiMxL4i059HX+ZiouXg==",
      "requires": {
        "stream-chain": "^2.2.5"
      }
    }
  }
}
